
Microsoft Visual Studio Solution File, Format Version 12.00
# Visual Studio Version 17
VisualStudioVersion = 17.10.35122.118
MinimumVisualStudioVersion = 10.0.40219.1
Project("{FAE04EC0-301F-11D3-BF4B-00C04F79EFBC}") = "Microservicio_Usuarios", "Microservicio_Usuarios\Microservicio_Usuarios.csproj", "{E0BCC0A0-1F5D-461A-9634-987E9C69DFDB}"
EndProject
Project("{FAE04EC0-301F-11D3-BF4B-00C04F79EFBC}") = "Microservicio_Productos", "Microservicio_Productos\Microservicio_Productos.csproj", "{65058167-29C2-4379-8569-2AB011DB9128}"
EndProject
Project("{FAE04EC0-301F-11D3-BF4B-00C04F79EFBC}") = "Microservicio_Pedidos", "Microservicio_Pedidos\Microservicio_Pedidos.csproj", "{B7D9253E-BB0D-4074-A524-80B1682264E2}"
EndProject
Project("{FAE04EC0-301F-11D3-BF4B-00C04F79EFBC}") = "Microservicio_Inventarios", "Microservicio_Inventarios\Microservicio_Inventarios.csproj", "{411FEA7D-9F4E-4B21-8D3A-380B50B303EE}"
EndProject
Project("{FAE04EC0-301F-11D3-BF4B-00C04F79EFBC}") = "Microservicio_Pagos", "Microservicio_Pagos\Microservicio_Pagos.csproj", "{603E0233-41D5-492E-B2AA-73C7EDDC4A32}"
EndProject
Project("{FAE04EC0-301F-11D3-BF4B-00C04F79EFBC}") = "Microservicio_Notificaciones", "Microservicio_Notificaciones\Microservicio_Notificaciones.csproj", "{370E5023-7734-4A2C-A015-0C870723EE8E}"
EndProject
Project("{FAE04EC0-301F-11D3-BF4B-00C04F79EFBC}") = "Microservicio_Comentarios_y_Valoraciones", "Microservicio_Comentarios_y_Valoraciones\Microservicio_Comentarios_y_Valoraciones.csproj", "{5416BDC1-F1C0-46C0-8B59-2DC2AA029BAC}"
EndProject
Project("{FAE04EC0-301F-11D3-BF4B-00C04F79EFBC}") = "Microservicio_Analisis_y_Estadisticas", "Microservicio_Analisis_y_Estadisticas\Microservicio_Analisis_y_Estadisticas.csproj", "{3CC92C32-BFE7-404A-A9C9-C810E8AFBAF2}"
EndProject
Project("{FAE04EC0-301F-11D3-BF4B-00C04F79EFBC}") = "Microservicio_Autenticacion_y_Autorizacion", "Microservicio_Autenticacion_y_Autorizacion\Microservicio_Autenticacion_y_Autorizacion.csproj", "{9E757B5B-3758-44A7-8C01-683E2EF0084E}"
EndProject
Project("{FAE04EC0-301F-11D3-BF4B-00C04F79EFBC}") = "Microservicio_Descuento_y_Promociones", "Microservicio_Descuento_y_Promociones\Microservicio_Descuento_y_Promociones.csproj", "{7C8E6CEA-1B70-47A2-AC05-9DF128E47305}"
EndProject
Project("{FAE04EC0-301F-11D3-BF4B-00C04F79EFBC}") = "Microservicio_AyudaUsuario", "Microservicio_AyudaUsuario\Microservicio_AyudaUsuario.csproj", "{60232FCA-584F-4186-8659-7D70C464E126}"
EndProject
Global
	GlobalSection(SolutionConfigurationPlatforms) = preSolution
		Debug|Any CPU = Debug|Any CPU
		Release|Any CPU = Release|Any CPU
	EndGlobalSection
	GlobalSection(ProjectConfigurationPlatforms) = postSolution
		{E0BCC0A0-1F5D-461A-9634-987E9C69DFDB}.Debug|Any CPU.ActiveCfg = Debug|Any CPU
		{E0BCC0A0-1F5D-461A-9634-987E9C69DFDB}.Debug|Any CPU.Build.0 = Debug|Any CPU
		{E0BCC0A0-1F5D-461A-9634-987E9C69DFDB}.Release|Any CPU.ActiveCfg = Release|Any CPU
		{E0BCC0A0-1F5D-461A-9634-987E9C69DFDB}.Release|Any CPU.Build.0 = Release|Any CPU
		{65058167-29C2-4379-8569-2AB011DB9128}.Debug|Any CPU.ActiveCfg = Debug|Any CPU
		{65058167-29C2-4379-8569-2AB011DB9128}.Debug|Any CPU.Build.0 = Debug|Any CPU
		{65058167-29C2-4379-8569-2AB011DB9128}.Release|Any CPU.ActiveCfg = Release|Any CPU
		{65058167-29C2-4379-8569-2AB011DB9128}.Release|Any CPU.Build.0 = Release|Any CPU
		{B7D9253E-BB0D-4074-A524-80B1682264E2}.Debug|Any CPU.ActiveCfg = Debug|Any CPU
		{B7D9253E-BB0D-4074-A524-80B1682264E2}.Debug|Any CPU.Build.0 = Debug|Any CPU
		{B7D9253E-BB0D-4074-A524-80B1682264E2}.Release|Any CPU.ActiveCfg = Release|Any CPU
		{B7D9253E-BB0D-4074-A524-80B1682264E2}.Release|Any CPU.Build.0 = Release|Any CPU
		{411FEA7D-9F4E-4B21-8D3A-380B50B303EE}.Debug|Any CPU.ActiveCfg = Debug|Any CPU
		{411FEA7D-9F4E-4B21-8D3A-380B50B303EE}.Debug|Any CPU.Build.0 = Debug|Any CPU
		{411FEA7D-9F4E-4B21-8D3A-380B50B303EE}.Release|Any CPU.ActiveCfg = Release|Any CPU
		{411FEA7D-9F4E-4B21-8D3A-380B50B303EE}.Release|Any CPU.Build.0 = Release|Any CPU
		{603E0233-41D5-492E-B2AA-73C7EDDC4A32}.Debug|Any CPU.ActiveCfg = Debug|Any CPU
		{603E0233-41D5-492E-B2AA-73C7EDDC4A32}.Debug|Any CPU.Build.0 = Debug|Any CPU
		{603E0233-41D5-492E-B2AA-73C7EDDC4A32}.Release|Any CPU.ActiveCfg = Release|Any CPU
		{603E0233-41D5-492E-B2AA-73C7EDDC4A32}.Release|Any CPU.Build.0 = Release|Any CPU
		{370E5023-7734-4A2C-A015-0C870723EE8E}.Debug|Any CPU.ActiveCfg = Debug|Any CPU
		{370E5023-7734-4A2C-A015-0C870723EE8E}.Debug|Any CPU.Build.0 = Debug|Any CPU
		{370E5023-7734-4A2C-A015-0C870723EE8E}.Release|Any CPU.ActiveCfg = Release|Any CPU
		{370E5023-7734-4A2C-A015-0C870723EE8E}.Release|Any CPU.Build.0 = Release|Any CPU
		{5416BDC1-F1C0-46C0-8B59-2DC2AA029BAC}.Debug|Any CPU.ActiveCfg = Debug|Any CPU
		{5416BDC1-F1C0-46C0-8B59-2DC2AA029BAC}.Debug|Any CPU.Build.0 = Debug|Any CPU
		{5416BDC1-F1C0-46C0-8B59-2DC2AA029BAC}.Release|Any CPU.ActiveCfg = Release|Any CPU
		{5416BDC1-F1C0-46C0-8B59-2DC2AA029BAC}.Release|Any CPU.Build.0 = Release|Any CPU
		{3CC92C32-BFE7-404A-A9C9-C810E8AFBAF2}.Debug|Any CPU.ActiveCfg = Debug|Any CPU
		{3CC92C32-BFE7-404A-A9C9-C810E8AFBAF2}.Debug|Any CPU.Build.0 = Debug|Any CPU
		{3CC92C32-BFE7-404A-A9C9-C810E8AFBAF2}.Release|Any CPU.ActiveCfg = Release|Any CPU
		{3CC92C32-BFE7-404A-A9C9-C810E8AFBAF2}.Release|Any CPU.Build.0 = Release|Any CPU
		{9E757B5B-3758-44A7-8C01-683E2EF0084E}.Debug|Any CPU.ActiveCfg = Debug|Any CPU
		{9E757B5B-3758-44A7-8C01-683E2EF0084E}.Debug|Any CPU.Build.0 = Debug|Any CPU
		{9E757B5B-3758-44A7-8C01-683E2EF0084E}.Release|Any CPU.ActiveCfg = Release|Any CPU
		{9E757B5B-3758-44A7-8C01-683E2EF0084E}.Release|Any CPU.Build.0 = Release|Any CPU
		{7C8E6CEA-1B70-47A2-AC05-9DF128E47305}.Debug|Any CPU.ActiveCfg = Debug|Any CPU
		{7C8E6CEA-1B70-47A2-AC05-9DF128E47305}.Debug|Any CPU.Build.0 = Debug|Any CPU
		{7C8E6CEA-1B70-47A2-AC05-9DF128E47305}.Release|Any CPU.ActiveCfg = Release|Any CPU
		{7C8E6CEA-1B70-47A2-AC05-9DF128E47305}.Release|Any CPU.Build.0 = Release|Any CPU
		{60232FCA-584F-4186-8659-7D70C464E126}.Debug|Any CPU.ActiveCfg = Debug|Any CPU
		{60232FCA-584F-4186-8659-7D70C464E126}.Debug|Any CPU.Build.0 = Debug|Any CPU
		{60232FCA-584F-4186-8659-7D70C464E126}.Release|Any CPU.ActiveCfg = Release|Any CPU
		{60232FCA-584F-4186-8659-7D70C464E126}.Release|Any CPU.Build.0 = Release|Any CPU
	EndGlobalSection
	GlobalSection(SolutionProperties) = preSolution
		HideSolutionNode = FALSE
	EndGlobalSection
	GlobalSection(ExtensibilityGlobals) = postSolution
		SolutionGuid = {7C4CF692-0BE8-4581-8D2A-FB6A47EB16BC}
	EndGlobalSection
EndGlobal
